
Microsoft Visual Studio Solution File, Format Version 12.00
# Visual Studio Version 17
VisualStudioVersion = 17.11.35222.181
MinimumVisualStudioVersion = 10.0.40219.1
Project("{FAE04EC0-301F-11D3-BF4B-00C04F79EFBC}") = "NetEasyModLoad", "NetEasyModLoad\NetEasyModLoad.csproj", "{774BD3F1-9A07-47BA-BEC4-301ACA38DBC8}"
EndProject
Global
	GlobalSection(SolutionConfigurationPlatforms) = preSolution
		Debug|Any CPU = Debug|Any CPU
		Release|Any CPU = Release|Any CPU
	EndGlobalSection
	GlobalSection(ProjectConfigurationPlatforms) = postSolution
		{774BD3F1-9A07-47BA-BEC4-301ACA38DBC8}.Debug|Any CPU.ActiveCfg = Debug|Any CPU
		{774BD3F1-9A07-47BA-BEC4-301ACA38DBC8}.Debug|Any CPU.Build.0 = Debug|Any CPU
		{774BD3F1-9A07-47BA-BEC4-301ACA38DBC8}.Release|Any CPU.ActiveCfg = Release|Any CPU
		{774BD3F1-9A07-47BA-BEC4-301ACA38DBC8}.Release|Any CPU.Build.0 = Release|Any CPU
	EndGlobalSection
	GlobalSection(SolutionProperties) = preSolution
		HideSolutionNode = FALSE
	EndGlobalSection
	GlobalSection(ExtensibilityGlobals) = postSolution
		SolutionGuid = {DFE42355-A978-42BB-AD1D-E5EC73FC6FFD}
	EndGlobalSection
EndGlobal
